
Microsoft Visual Studio Solution File, Format Version 12.00
# Visual Studio Version 17
VisualStudioVersion = 17.14.36310.24 d17.14
MinimumVisualStudioVersion = 10.0.40219.1
Project("{FAE04EC0-301F-11D3-BF4B-00C04F79EFBC}") = "class_06", "class_06\class_06.csproj", "{8F324F59-C138-4E7B-890B-2105C05EC70F}"
EndProject
Global
	GlobalSection(SolutionConfigurationPlatforms) = preSolution
		Debug|Any CPU = Debug|Any CPU
		Release|Any CPU = Release|Any CPU
	EndGlobalSection
	GlobalSection(ProjectConfigurationPlatforms) = postSolution
		{8F324F59-C138-4E7B-890B-2105C05EC70F}.Debug|Any CPU.ActiveCfg = Debug|Any CPU
		{8F324F59-C138-4E7B-890B-2105C05EC70F}.Debug|Any CPU.Build.0 = Debug|Any CPU
		{8F324F59-C138-4E7B-890B-2105C05EC70F}.Release|Any CPU.ActiveCfg = Release|Any CPU
		{8F324F59-C138-4E7B-890B-2105C05EC70F}.Release|Any CPU.Build.0 = Release|Any CPU
	EndGlobalSection
	GlobalSection(SolutionProperties) = preSolution
		HideSolutionNode = FALSE
	EndGlobalSection
	GlobalSection(ExtensibilityGlobals) = postSolution
		SolutionGuid = {0EEFDF99-38F2-4440-92C6-612181B98361}
	EndGlobalSection
EndGlobal
