
Microsoft Visual Studio Solution File, Format Version 12.00
# Visual Studio Version 17
VisualStudioVersion = 17.14.36310.24 d17.14
MinimumVisualStudioVersion = 10.0.40219.1
Project("{FAE04EC0-301F-11D3-BF4B-00C04F79EFBC}") = "Bank Management system", "Bank Management system\Bank Management system.csproj", "{05DEDF7C-2FC8-42E1-82FE-B7CE04B28A1F}"
EndProject
Global
	GlobalSection(SolutionConfigurationPlatforms) = preSolution
		Debug|Any CPU = Debug|Any CPU
		Release|Any CPU = Release|Any CPU
	EndGlobalSection
	GlobalSection(ProjectConfigurationPlatforms) = postSolution
		{05DEDF7C-2FC8-42E1-82FE-B7CE04B28A1F}.Debug|Any CPU.ActiveCfg = Debug|Any CPU
		{05DEDF7C-2FC8-42E1-82FE-B7CE04B28A1F}.Debug|Any CPU.Build.0 = Debug|Any CPU
		{05DEDF7C-2FC8-42E1-82FE-B7CE04B28A1F}.Release|Any CPU.ActiveCfg = Release|Any CPU
		{05DEDF7C-2FC8-42E1-82FE-B7CE04B28A1F}.Release|Any CPU.Build.0 = Release|Any CPU
	EndGlobalSection
	GlobalSection(SolutionProperties) = preSolution
		HideSolutionNode = FALSE
	EndGlobalSection
	GlobalSection(ExtensibilityGlobals) = postSolution
		SolutionGuid = {0E34BB1A-4743-4D57-8B7E-01E0FF7079F7}
	EndGlobalSection
EndGlobal
