
Microsoft Visual Studio Solution File, Format Version 12.00
# Visual Studio Version 17
VisualStudioVersion = 17.14.36310.24 d17.14
MinimumVisualStudioVersion = 10.0.40219.1
Project("{FAE04EC0-301F-11D3-BF4B-00C04F79EFBC}") = "class_05", "class_05\class_05.csproj", "{98459F76-0392-49E6-9E5A-3BA413CD28B6}"
EndProject
Global
	GlobalSection(SolutionConfigurationPlatforms) = preSolution
		Debug|Any CPU = Debug|Any CPU
		Release|Any CPU = Release|Any CPU
	EndGlobalSection
	GlobalSection(ProjectConfigurationPlatforms) = postSolution
		{98459F76-0392-49E6-9E5A-3BA413CD28B6}.Debug|Any CPU.ActiveCfg = Debug|Any CPU
		{98459F76-0392-49E6-9E5A-3BA413CD28B6}.Debug|Any CPU.Build.0 = Debug|Any CPU
		{98459F76-0392-49E6-9E5A-3BA413CD28B6}.Release|Any CPU.ActiveCfg = Release|Any CPU
		{98459F76-0392-49E6-9E5A-3BA413CD28B6}.Release|Any CPU.Build.0 = Release|Any CPU
	EndGlobalSection
	GlobalSection(SolutionProperties) = preSolution
		HideSolutionNode = FALSE
	EndGlobalSection
	GlobalSection(ExtensibilityGlobals) = postSolution
		SolutionGuid = {CD681A4C-0F53-4C5A-ADA0-1BA78B2F9AC2}
	EndGlobalSection
EndGlobal
